// !$*UTF8*$!
{
	archiveVersion = 1;
	classes = {
	};
	objectVersion = 50;
	objects = {

/* Begin PBXBuildFile section */
		533D580D23046A91007C8C60 /* Entry.swift in Sources */ = {isa = PBXBuildFile; fileRef = 533D580C23046A91007C8C60 /* Entry.swift */; };
		533D580F23047063007C8C60 /* EntryController.swift in Sources */ = {isa = PBXBuildFile; fileRef = 533D580E23047063007C8C60 /* EntryController.swift */; };
		533D5811230478B7007C8C60 /* EntryListTableViewController.swift in Sources */ = {isa = PBXBuildFile; fileRef = 533D5810230478B7007C8C60 /* EntryListTableViewController.swift */; };
		533D5813230478DC007C8C60 /* DetailViewController.swift in Sources */ = {isa = PBXBuildFile; fileRef = 533D5812230478DC007C8C60 /* DetailViewController.swift */; };
		53FB38D423036D4100B4532D /* AppDelegate.swift in Sources */ = {isa = PBXBuildFile; fileRef = 53FB38D323036D4100B4532D /* AppDelegate.swift */; };
		53FB38D923036D4100B4532D /* Main.storyboard in Resources */ = {isa = PBXBuildFile; fileRef = 53FB38D723036D4100B4532D /* Main.storyboard */; };
		53FB38DB23036D4300B4532D /* Assets.xcassets in Resources */ = {isa = PBXBuildFile; fileRef = 53FB38DA23036D4300B4532D /* Assets.xcassets */; };
		53FB38DE23036D4300B4532D /* LaunchScreen.storyboard in Resources */ = {isa = PBXBuildFile; fileRef = 53FB38DC23036D4300B4532D /* LaunchScreen.storyboard */; };
		53FB38E923036E3600B4532D /* CloudKit.framework in Frameworks */ = {isa = PBXBuildFile; fileRef = 53FB38E823036E3600B4532D /* CloudKit.framework */; };
		53FB38EB2303713E00B4532D /* SignUpViewController.swift in Sources */ = {isa = PBXBuildFile; fileRef = 53FB38EA2303713E00B4532D /* SignUpViewController.swift */; };
		53FB38F02303726300B4532D /* User.swift in Sources */ = {isa = PBXBuildFile; fileRef = 53FB38EF2303726300B4532D /* User.swift */; };
		53FB38F32303765D00B4532D /* UserController.swift in Sources */ = {isa = PBXBuildFile; fileRef = 53FB38F22303765D00B4532D /* UserController.swift */; };
		53FB38F6230380F200B4532D /* NotificationExtension.swift in Sources */ = {isa = PBXBuildFile; fileRef = 53FB38F5230380F200B4532D /* NotificationExtension.swift */; };
		53FB38F82303834700B4532D /* WelcomeViewController.swift in Sources */ = {isa = PBXBuildFile; fileRef = 53FB38F72303834700B4532D /* WelcomeViewController.swift */; };
/* End PBXBuildFile section */

/* Begin PBXFileReference section */
		533D580C23046A91007C8C60 /* Entry.swift */ = {isa = PBXFileReference; lastKnownFileType = sourcecode.swift; path = Entry.swift; sourceTree = "<group>"; };
		533D580E23047063007C8C60 /* EntryController.swift */ = {isa = PBXFileReference; lastKnownFileType = sourcecode.swift; path = EntryController.swift; sourceTree = "<group>"; };
		533D5810230478B7007C8C60 /* EntryListTableViewController.swift */ = {isa = PBXFileReference; lastKnownFileType = sourcecode.swift; path = EntryListTableViewController.swift; sourceTree = "<group>"; };
		533D5812230478DC007C8C60 /* DetailViewController.swift */ = {isa = PBXFileReference; lastKnownFileType = sourcecode.swift; path = DetailViewController.swift; sourceTree = "<group>"; };
		53FB38D023036D4100B4532D /* CloudKitUser.app */ = {isa = PBXFileReference; explicitFileType = wrapper.application; includeInIndex = 0; path = CloudKitUser.app; sourceTree = BUILT_PRODUCTS_DIR; };
		53FB38D323036D4100B4532D /* AppDelegate.swift */ = {isa = PBXFileReference; lastKnownFileType = sourcecode.swift; path = AppDelegate.swift; sourceTree = "<group>"; };
		53FB38D823036D4100B4532D /* Base */ = {isa = PBXFileReference; lastKnownFileType = file.storyboard; name = Base; path = Base.lproj/Main.storyboard; sourceTree = "<group>"; };
		53FB38DA23036D4300B4532D /* Assets.xcassets */ = {isa = PBXFileReference; lastKnownFileType = folder.assetcatalog; path = Assets.xcassets; sourceTree = "<group>"; };
		53FB38DD23036D4300B4532D /* Base */ = {isa = PBXFileReference; lastKnownFileType = file.storyboard; name = Base; path = Base.lproj/LaunchScreen.storyboard; sourceTree = "<group>"; };
		53FB38DF23036D4300B4532D /* Info.plist */ = {isa = PBXFileReference; lastKnownFileType = text.plist.xml; path = Info.plist; sourceTree = "<group>"; };
		53FB38E623036E3300B4532D /* CloudKitUser.entitlements */ = {isa = PBXFileReference; lastKnownFileType = text.plist.entitlements; path = CloudKitUser.entitlements; sourceTree = "<group>"; };
		53FB38E823036E3600B4532D /* CloudKit.framework */ = {isa = PBXFileReference; lastKnownFileType = wrapper.framework; name = CloudKit.framework; path = System/Library/Frameworks/CloudKit.framework; sourceTree = SDKROOT; };
		53FB38EA2303713E00B4532D /* SignUpViewController.swift */ = {isa = PBXFileReference; lastKnownFileType = sourcecode.swift; path = SignUpViewController.swift; sourceTree = "<group>"; };
		53FB38EF2303726300B4532D /* User.swift */ = {isa = PBXFileReference; lastKnownFileType = sourcecode.swift; path = User.swift; sourceTree = "<group>"; };
		53FB38F22303765D00B4532D /* UserController.swift */ = {isa = PBXFileReference; lastKnownFileType = sourcecode.swift; path = UserController.swift; sourceTree = "<group>"; };
		53FB38F5230380F200B4532D /* NotificationExtension.swift */ = {isa = PBXFileReference; lastKnownFileType = sourcecode.swift; path = NotificationExtension.swift; sourceTree = "<group>"; };
		53FB38F72303834700B4532D /* WelcomeViewController.swift */ = {isa = PBXFileReference; lastKnownFileType = sourcecode.swift; path = WelcomeViewController.swift; sourceTree = "<group>"; };
/* End PBXFileReference section */

/* Begin PBXFrameworksBuildPhase section */
		53FB38CD23036D4100B4532D /* Frameworks */ = {
			isa = PBXFrameworksBuildPhase;
			buildActionMask = 2147483647;
			files = (
				53FB38E923036E3600B4532D /* CloudKit.framework in Frameworks */,
			);
			runOnlyForDeploymentPostprocessing = 0;
		};
/* End PBXFrameworksBuildPhase section */

/* Begin PBXGroup section */
		53FB38C723036D4100B4532D = {
			isa = PBXGroup;
			children = (
				53FB38D223036D4100B4532D /* CloudKitUser */,
				53FB38D123036D4100B4532D /* Products */,
				53FB38E723036E3600B4532D /* Frameworks */,
			);
			sourceTree = "<group>";
		};
		53FB38D123036D4100B4532D /* Products */ = {
			isa = PBXGroup;
			children = (
				53FB38D023036D4100B4532D /* CloudKitUser.app */,
			);
			name = Products;
			sourceTree = "<group>";
		};
		53FB38D223036D4100B4532D /* CloudKitUser */ = {
			isa = PBXGroup;
			children = (
				53FB38E623036E3300B4532D /* CloudKitUser.entitlements */,
				53FB38D723036D4100B4532D /* Main.storyboard */,
				53FB38EE2303722700B4532D /* Models */,
				53FB38F12303764600B4532D /* Model Controllers */,
				53FB38F423037FED00B4532D /* View Controllers */,
				53FB38E523036D5200B4532D /* Resources */,
			);
			path = CloudKitUser;
			sourceTree = "<group>";
		};
		53FB38E523036D5200B4532D /* Resources */ = {
			isa = PBXGroup;
			children = (
				53FB38F5230380F200B4532D /* NotificationExtension.swift */,
				53FB38D323036D4100B4532D /* AppDelegate.swift */,
				53FB38DA23036D4300B4532D /* Assets.xcassets */,
				53FB38DC23036D4300B4532D /* LaunchScreen.storyboard */,
				53FB38DF23036D4300B4532D /* Info.plist */,
			);
			path = Resources;
			sourceTree = "<group>";
		};
		53FB38E723036E3600B4532D /* Frameworks */ = {
			isa = PBXGroup;
			children = (
				53FB38E823036E3600B4532D /* CloudKit.framework */,
			);
			name = Frameworks;
			sourceTree = "<group>";
		};
		53FB38EE2303722700B4532D /* Models */ = {
			isa = PBXGroup;
			children = (
				53FB38EF2303726300B4532D /* User.swift */,
				533D580C23046A91007C8C60 /* Entry.swift */,
			);
			path = Models;
			sourceTree = "<group>";
		};
		53FB38F12303764600B4532D /* Model Controllers */ = {
			isa = PBXGroup;
			children = (
				53FB38F22303765D00B4532D /* UserController.swift */,
				533D580E23047063007C8C60 /* EntryController.swift */,
			);
			path = "Model Controllers";
			sourceTree = "<group>";
		};
		53FB38F423037FED00B4532D /* View Controllers */ = {
			isa = PBXGroup;
			children = (
				53FB38EA2303713E00B4532D /* SignUpViewController.swift */,
				53FB38F72303834700B4532D /* WelcomeViewController.swift */,
				533D5810230478B7007C8C60 /* EntryListTableViewController.swift */,
				533D5812230478DC007C8C60 /* DetailViewController.swift */,
			);
			path = "View Controllers";
			sourceTree = "<group>";
		};
/* End PBXGroup section */

/* Begin PBXNativeTarget section */
		53FB38CF23036D4100B4532D /* CloudKitUser */ = {
			isa = PBXNativeTarget;
			buildConfigurationList = 53FB38E223036D4300B4532D /* Build configuration list for PBXNativeTarget "CloudKitUser" */;
			buildPhases = (
				53FB38CC23036D4100B4532D /* Sources */,
				53FB38CD23036D4100B4532D /* Frameworks */,
				53FB38CE23036D4100B4532D /* Resources */,
			);
			buildRules = (
			);
			dependencies = (
			);
			name = CloudKitUser;
			productName = CloudKitUser;
			productReference = 53FB38D023036D4100B4532D /* CloudKitUser.app */;
			productType = "com.apple.product-type.application";
		};
/* End PBXNativeTarget section */

/* Begin PBXProject section */
		53FB38C823036D4100B4532D /* Project object */ = {
			isa = PBXProject;
			attributes = {
				LastSwiftUpdateCheck = 1030;
				LastUpgradeCheck = 1030;
				ORGANIZATIONNAME = "Madi S";
				TargetAttributes = {
					53FB38CF23036D4100B4532D = {
						CreatedOnToolsVersion = 10.3;
						SystemCapabilities = {
							com.apple.Push = {
								enabled = 1;
							};
							com.apple.iCloud = {
								enabled = 1;
							};
						};
					};
				};
			};
			buildConfigurationList = 53FB38CB23036D4100B4532D /* Build configuration list for PBXProject "CloudKitUser" */;
			compatibilityVersion = "Xcode 9.3";
			developmentRegion = en;
			hasScannedForEncodings = 0;
			knownRegions = (
				en,
				Base,
			);
			mainGroup = 53FB38C723036D4100B4532D;
			productRefGroup = 53FB38D123036D4100B4532D /* Products */;
			projectDirPath = "";
			projectRoot = "";
			targets = (
				53FB38CF23036D4100B4532D /* CloudKitUser */,
			);
		};
/* End PBXProject section */

/* Begin PBXResourcesBuildPhase section */
		53FB38CE23036D4100B4532D /* Resources */ = {
			isa = PBXResourcesBuildPhase;
			buildActionMask = 2147483647;
			files = (
				53FB38DE23036D4300B4532D /* LaunchScreen.storyboard in Resources */,
				53FB38DB23036D4300B4532D /* Assets.xcassets in Resources */,
				53FB38D923036D4100B4532D /* Main.storyboard in Resources */,
			);
			runOnlyForDeploymentPostprocessing = 0;
		};
/* End PBXResourcesBuildPhase section */

/* Begin PBXSourcesBuildPhase section */
		53FB38CC23036D4100B4532D /* Sources */ = {
			isa = PBXSourcesBuildPhase;
			buildActionMask = 2147483647;
			files = (
				533D580D23046A91007C8C60 /* Entry.swift in Sources */,
				53FB38F6230380F200B4532D /* NotificationExtension.swift in Sources */,
				53FB38EB2303713E00B4532D /* SignUpViewController.swift in Sources */,
				53FB38D423036D4100B4532D /* AppDelegate.swift in Sources */,
				53FB38F82303834700B4532D /* WelcomeViewController.swift in Sources */,
				53FB38F32303765D00B4532D /* UserController.swift in Sources */,
				533D580F23047063007C8C60 /* EntryController.swift in Sources */,
				533D5813230478DC007C8C60 /* DetailViewController.swift in Sources */,
				53FB38F02303726300B4532D /* User.swift in Sources */,
				533D5811230478B7007C8C60 /* EntryListTableViewController.swift in Sources */,
			);
			runOnlyForDeploymentPostprocessing = 0;
		};
/* End PBXSourcesBuildPhase section */

/* Begin PBXVariantGroup section */
		53FB38D723036D4100B4532D /* Main.storyboard */ = {
			isa = PBXVariantGroup;
			children = (
				53FB38D823036D4100B4532D /* Base */,
			);
			name = Main.storyboard;
			sourceTree = "<group>";
		};
		53FB38DC23036D4300B4532D /* LaunchScreen.storyboard */ = {
			isa = PBXVariantGroup;
			children = (
				53FB38DD23036D4300B4532D /* Base */,
			);
			name = LaunchScreen.storyboard;
			sourceTree = "<group>";
		};
/* End PBXVariantGroup section */

/* Begin XCBuildConfiguration section */
		53FB38E023036D4300B4532D /* Debug */ = {
			isa = XCBuildConfiguration;
			buildSettings = {
				ALWAYS_SEARCH_USER_PATHS = NO;
				CLANG_ANALYZER_NONNULL = YES;
				CLANG_ANALYZER_NUMBER_OBJECT_CONVERSION = YES_AGGRESSIVE;
				CLANG_CXX_LANGUAGE_STANDARD = "gnu++14";
				CLANG_CXX_LIBRARY = "libc++";
				CLANG_ENABLE_MODULES = YES;
				CLANG_ENABLE_OBJC_ARC = YES;
				CLANG_ENABLE_OBJC_WEAK = YES;
				CLANG_WARN_BLOCK_CAPTURE_AUTORELEASING = YES;
				CLANG_WARN_BOOL_CONVERSION = YES;
				CLANG_WARN_COMMA = YES;
				CLANG_WARN_CONSTANT_CONVERSION = YES;
				CLANG_WARN_DEPRECATED_OBJC_IMPLEMENTATIONS = YES;
				CLANG_WARN_DIRECT_OBJC_ISA_USAGE = YES_ERROR;
				CLANG_WARN_DOCUMENTATION_COMMENTS = YES;
				CLANG_WARN_EMPTY_BODY = YES;
				CLANG_WARN_ENUM_CONVERSION = YES;
				CLANG_WARN_INFINITE_RECURSION = YES;
				CLANG_WARN_INT_CONVERSION = YES;
				CLANG_WARN_NON_LITERAL_NULL_CONVERSION = YES;
				CLANG_WARN_OBJC_IMPLICIT_RETAIN_SELF = YES;
				CLANG_WARN_OBJC_LITERAL_CONVERSION = YES;
				CLANG_WARN_OBJC_ROOT_CLASS = YES_ERROR;
				CLANG_WARN_RANGE_LOOP_ANALYSIS = YES;
				CLANG_WARN_STRICT_PROTOTYPES = YES;
				CLANG_WARN_SUSPICIOUS_MOVE = YES;
				CLANG_WARN_UNGUARDED_AVAILABILITY = YES_AGGRESSIVE;
				CLANG_WARN_UNREACHABLE_CODE = YES;
				CLANG_WARN__DUPLICATE_METHOD_MATCH = YES;
				CODE_SIGN_IDENTITY = "iPhone Developer";
				COPY_PHASE_STRIP = NO;
				DEBUG_INFORMATION_FORMAT = dwarf;
				ENABLE_STRICT_OBJC_MSGSEND = YES;
				ENABLE_TESTABILITY = YES;
				GCC_C_LANGUAGE_STANDARD = gnu11;
				GCC_DYNAMIC_NO_PIC = NO;
				GCC_NO_COMMON_BLOCKS = YES;
				GCC_OPTIMIZATION_LEVEL = 0;
				GCC_PREPROCESSOR_DEFINITIONS = (
					"DEBUG=1",
					"$(inherited)",
				);
				GCC_WARN_64_TO_32_BIT_CONVERSION = YES;
				GCC_WARN_ABOUT_RETURN_TYPE = YES_ERROR;
				GCC_WARN_UNDECLARED_SELECTOR = YES;
				GCC_WARN_UNINITIALIZED_AUTOS = YES_AGGRESSIVE;
				GCC_WARN_UNUSED_FUNCTION = YES;
				GCC_WARN_UNUSED_VARIABLE = YES;
				IPHONEOS_DEPLOYMENT_TARGET = 12.4;
				MTL_ENABLE_DEBUG_INFO = INCLUDE_SOURCE;
				MTL_FAST_MATH = YES;
				ONLY_ACTIVE_ARCH = YES;
				SDKROOT = iphoneos;
				SWIFT_ACTIVE_COMPILATION_CONDITIONS = DEBUG;
				SWIFT_OPTIMIZATION_LEVEL = "-Onone";
			};
			name = Debug;
		};
		53FB38E123036D4300B4532D /* Release */ = {
			isa = XCBuildConfiguration;
			buildSettings = {
				ALWAYS_SEARCH_USER_PATHS = NO;
				CLANG_ANALYZER_NONNULL = YES;
				CLANG_ANALYZER_NUMBER_OBJECT_CONVERSION = YES_AGGRESSIVE;
				CLANG_CXX_LANGUAGE_STANDARD = "gnu++14";
				CLANG_CXX_LIBRARY = "libc++";
				CLANG_ENABLE_MODULES = YES;
				CLANG_ENABLE_OBJC_ARC = YES;
				CLANG_ENABLE_OBJC_WEAK = YES;
				CLANG_WARN_BLOCK_CAPTURE_AUTORELEASING = YES;
				CLANG_WARN_BOOL_CONVERSION = YES;
				CLANG_WARN_COMMA = YES;
				CLANG_WARN_CONSTANT_CONVERSION = YES;
				CLANG_WARN_DEPRECATED_OBJC_IMPLEMENTATIONS = YES;
				CLANG_WARN_DIRECT_OBJC_ISA_USAGE = YES_ERROR;
				CLANG_WARN_DOCUMENTATION_COMMENTS = YES;
				CLANG_WARN_EMPTY_BODY = YES;
				CLANG_WARN_ENUM_CONVERSION = YES;
				CLANG_WARN_INFINITE_RECURSION = YES;
				CLANG_WARN_INT_CONVERSION = YES;
				CLANG_WARN_NON_LITERAL_NULL_CONVERSION = YES;
				CLANG_WARN_OBJC_IMPLICIT_RETAIN_SELF = YES;
				CLANG_WARN_OBJC_LITERAL_CONVERSION = YES;
				CLANG_WARN_OBJC_ROOT_CLASS = YES_ERROR;
				CLANG_WARN_RANGE_LOOP_ANALYSIS = YES;
				CLANG_WARN_STRICT_PROTOTYPES = YES;
				CLANG_WARN_SUSPICIOUS_MOVE = YES;
				CLANG_WARN_UNGUARDED_AVAILABILITY = YES_AGGRESSIVE;
				CLANG_WARN_UNREACHABLE_CODE = YES;
				CLANG_WARN__DUPLICATE_METHOD_MATCH = YES;
				CODE_SIGN_IDENTITY = "iPhone Developer";
				COPY_PHASE_STRIP = NO;
				DEBUG_INFORMATION_FORMAT = "dwarf-with-dsym";
				ENABLE_NS_ASSERTIONS = NO;
				ENABLE_STRICT_OBJC_MSGSEND = YES;
				GCC_C_LANGUAGE_STANDARD = gnu11;
				GCC_NO_COMMON_BLOCKS = YES;
				GCC_WARN_64_TO_32_BIT_CONVERSION = YES;
				GCC_WARN_ABOUT_RETURN_TYPE = YES_ERROR;
				GCC_WARN_UNDECLARED_SELECTOR = YES;
				GCC_WARN_UNINITIALIZED_AUTOS = YES_AGGRESSIVE;
				GCC_WARN_UNUSED_FUNCTION = YES;
				GCC_WARN_UNUSED_VARIABLE = YES;
				IPHONEOS_DEPLOYMENT_TARGET = 12.4;
				MTL_ENABLE_DEBUG_INFO = NO;
				MTL_FAST_MATH = YES;
				SDKROOT = iphoneos;
				SWIFT_COMPILATION_MODE = wholemodule;
				SWIFT_OPTIMIZATION_LEVEL = "-O";
				VALIDATE_PRODUCT = YES;
			};
			name = Release;
		};
		53FB38E323036D4300B4532D /* Debug */ = {
			isa = XCBuildConfiguration;
			buildSettings = {
				ASSETCATALOG_COMPILER_APPICON_NAME = AppIcon;
				CODE_SIGN_ENTITLEMENTS = CloudKitUser/CloudKitUser.entitlements;
				CODE_SIGN_STYLE = Automatic;
				DEVELOPMENT_TEAM = 8MJ3MC3A9A;
				INFOPLIST_FILE = "$(SRCROOT)/CloudKitUser/Resources/Info.plist";
				LD_RUNPATH_SEARCH_PATHS = (
					"$(inherited)",
					"@executable_path/Frameworks",
				);
				PRODUCT_BUNDLE_IDENTIFIER = "Madi-S.CloudKitUser";
				PRODUCT_NAME = "$(TARGET_NAME)";
				SWIFT_VERSION = 5.0;
				TARGETED_DEVICE_FAMILY = "1,2";
			};
			name = Debug;
		};
		53FB38E423036D4300B4532D /* Release */ = {
			isa = XCBuildConfiguration;
			buildSettings = {
				ASSETCATALOG_COMPILER_APPICON_NAME = AppIcon;
				CODE_SIGN_ENTITLEMENTS = CloudKitUser/CloudKitUser.entitlements;
				CODE_SIGN_STYLE = Automatic;
				DEVELOPMENT_TEAM = 8MJ3MC3A9A;
				INFOPLIST_FILE = "$(SRCROOT)/CloudKitUser/Resources/Info.plist";
				LD_RUNPATH_SEARCH_PATHS = (
					"$(inherited)",
					"@executable_path/Frameworks",
				);
				PRODUCT_BUNDLE_IDENTIFIER = "Madi-S.CloudKitUser";
				PRODUCT_NAME = "$(TARGET_NAME)";
				SWIFT_VERSION = 5.0;
				TARGETED_DEVICE_FAMILY = "1,2";
			};
			name = Release;
		};
/* End XCBuildConfiguration section */

/* Begin XCConfigurationList section */
		53FB38CB23036D4100B4532D /* Build configuration list for PBXProject "CloudKitUser" */ = {
			isa = XCConfigurationList;
			buildConfigurations = (
				53FB38E023036D4300B4532D /* Debug */,
				53FB38E123036D4300B4532D /* Release */,
			);
			defaultConfigurationIsVisible = 0;
			defaultConfigurationName = Release;
		};
		53FB38E223036D4300B4532D /* Build configuration list for PBXNativeTarget "CloudKitUser" */ = {
			isa = XCConfigurationList;
			buildConfigurations = (
				53FB38E323036D4300B4532D /* Debug */,
				53FB38E423036D4300B4532D /* Release */,
			);
			defaultConfigurationIsVisible = 0;
			defaultConfigurationName = Release;
		};
/* End XCConfigurationList section */
	};
	rootObject = 53FB38C823036D4100B4532D /* Project object */;
}
